
Microsoft Visual Studio Solution File, Format Version 12.00
# Visual Studio 15
VisualStudioVersion = 15.0.28010.2041
MinimumVisualStudioVersion = 10.0.40219.1
Project("{FAE04EC0-301F-11D3-BF4B-00C04F79EFBC}") = "MvcMovie", "MvcMovie\MvcMovie.csproj", "{82C660C4-65C8-43EF-BA2E-E8400763119C}"
EndProject
Global
	GlobalSection(SolutionConfigurationPlatforms) = preSolution
		Debug|Any CPU = Debug|Any CPU
		Release|Any CPU = Release|Any CPU
	EndGlobalSection
	GlobalSection(ProjectConfigurationPlatforms) = postSolution
		{82C660C4-65C8-43EF-BA2E-E8400763119C}.Debug|Any CPU.ActiveCfg = Debug|Any CPU
		{82C660C4-65C8-43EF-BA2E-E8400763119C}.Debug|Any CPU.Build.0 = Debug|Any CPU
		{82C660C4-65C8-43EF-BA2E-E8400763119C}.Release|Any CPU.ActiveCfg = Release|Any CPU
		{82C660C4-65C8-43EF-BA2E-E8400763119C}.Release|Any CPU.Build.0 = Release|Any CPU
	EndGlobalSection
	GlobalSection(SolutionProperties) = preSolution
		HideSolutionNode = FALSE
	EndGlobalSection
	GlobalSection(ExtensibilityGlobals) = postSolution
		SolutionGuid = {C21A63C9-88EE-49D9-A669-67201AB393EA}
	EndGlobalSection
EndGlobal
